
Microsoft Visual Studio Solution File, Format Version 12.00
# Visual Studio Version 17
VisualStudioVersion = 17.4.33213.308
MinimumVisualStudioVersion = 10.0.40219.1
Project("{FAE04EC0-301F-11D3-BF4B-00C04F79EFBC}") = "LogicDiagram3000", "LogicDiagram3000.csproj", "{2E919AB5-6B30-4BF0-A8AD-0048ABFE3720}"
EndProject
Global
	GlobalSection(SolutionConfigurationPlatforms) = preSolution
		Debug|Any CPU = Debug|Any CPU
		Release|Any CPU = Release|Any CPU
	EndGlobalSection
	GlobalSection(ProjectConfigurationPlatforms) = postSolution
		{2E919AB5-6B30-4BF0-A8AD-0048ABFE3720}.Debug|Any CPU.ActiveCfg = Debug|Any CPU
		{2E919AB5-6B30-4BF0-A8AD-0048ABFE3720}.Debug|Any CPU.Build.0 = Debug|Any CPU
		{2E919AB5-6B30-4BF0-A8AD-0048ABFE3720}.Release|Any CPU.ActiveCfg = Release|Any CPU
		{2E919AB5-6B30-4BF0-A8AD-0048ABFE3720}.Release|Any CPU.Build.0 = Release|Any CPU
	EndGlobalSection
	GlobalSection(SolutionProperties) = preSolution
		HideSolutionNode = FALSE
	EndGlobalSection
	GlobalSection(ExtensibilityGlobals) = postSolution
		SolutionGuid = {993E6943-62A3-40E3-877A-AE071A246388}
	EndGlobalSection
EndGlobal
